
Microsoft Visual Studio Solution File, Format Version 12.00
# Visual Studio Version 17
VisualStudioVersion = 17.8.34330.188
MinimumVisualStudioVersion = 10.0.40219.1
Project("{FAE04EC0-301F-11D3-BF4B-00C04F79EFBC}") = "VillaAPI", "VillaAPI\VillaAPI.csproj", "{C50341AE-D19A-4BF7-B7FF-D57E06BD872B}"
EndProject
Global
	GlobalSection(SolutionConfigurationPlatforms) = preSolution
		Debug|Any CPU = Debug|Any CPU
		Release|Any CPU = Release|Any CPU
	EndGlobalSection
	GlobalSection(ProjectConfigurationPlatforms) = postSolution
		{C50341AE-D19A-4BF7-B7FF-D57E06BD872B}.Debug|Any CPU.ActiveCfg = Debug|Any CPU
		{C50341AE-D19A-4BF7-B7FF-D57E06BD872B}.Debug|Any CPU.Build.0 = Debug|Any CPU
		{C50341AE-D19A-4BF7-B7FF-D57E06BD872B}.Release|Any CPU.ActiveCfg = Release|Any CPU
		{C50341AE-D19A-4BF7-B7FF-D57E06BD872B}.Release|Any CPU.Build.0 = Release|Any CPU
	EndGlobalSection
	GlobalSection(SolutionProperties) = preSolution
		HideSolutionNode = FALSE
	EndGlobalSection
	GlobalSection(ExtensibilityGlobals) = postSolution
		SolutionGuid = {006404DD-4596-4544-A1CB-873E1BBBDFC4}
	EndGlobalSection
EndGlobal
